
Microsoft Visual Studio Solution File, Format Version 12.00
# Visual Studio 15
VisualStudioVersion = 15.0.28307.572
MinimumVisualStudioVersion = 10.0.40219.1
Project("{FAE04EC0-301F-11D3-BF4B-00C04F79EFBC}") = "App1.Android", "App1\App1.Android\App1.Android.csproj", "{7FD8131C-C494-4B1B-8579-7B3DEC570559}"
EndProject
Project("{FAE04EC0-301F-11D3-BF4B-00C04F79EFBC}") = "App1.iOS", "App1\App1.iOS\App1.iOS.csproj", "{5859EE8B-3004-4387-9B64-93FF0823301E}"
EndProject
Project("{FAE04EC0-301F-11D3-BF4B-00C04F79EFBC}") = "App1", "App1\App1\App1.csproj", "{E7C8AE74-E250-4025-BF30-6DC3CDE01104}"
EndProject
Global
	GlobalSection(SolutionConfigurationPlatforms) = preSolution
		Ad-Hoc|Any CPU = Ad-Hoc|Any CPU
		Ad-Hoc|iPhone = Ad-Hoc|iPhone
		Ad-Hoc|iPhoneSimulator = Ad-Hoc|iPhoneSimulator
		AppStore|Any CPU = AppStore|Any CPU
		AppStore|iPhone = AppStore|iPhone
		AppStore|iPhoneSimulator = AppStore|iPhoneSimulator
		Debug|Any CPU = Debug|Any CPU
		Debug|iPhone = Debug|iPhone
		Debug|iPhoneSimulator = Debug|iPhoneSimulator
		Release|Any CPU = Release|Any CPU
		Release|iPhone = Release|iPhone
		Release|iPhoneSimulator = Release|iPhoneSimulator
	EndGlobalSection
	GlobalSection(ProjectConfigurationPlatforms) = postSolution
		{7FD8131C-C494-4B1B-8579-7B3DEC570559}.Ad-Hoc|Any CPU.ActiveCfg = Release|Any CPU
		{7FD8131C-C494-4B1B-8579-7B3DEC570559}.Ad-Hoc|Any CPU.Build.0 = Release|Any CPU
		{7FD8131C-C494-4B1B-8579-7B3DEC570559}.Ad-Hoc|Any CPU.Deploy.0 = Release|Any CPU
		{7FD8131C-C494-4B1B-8579-7B3DEC570559}.Ad-Hoc|iPhone.ActiveCfg = Release|Any CPU
		{7FD8131C-C494-4B1B-8579-7B3DEC570559}.Ad-Hoc|iPhone.Build.0 = Release|Any CPU
		{7FD8131C-C494-4B1B-8579-7B3DEC570559}.Ad-Hoc|iPhone.Deploy.0 = Release|Any CPU
		{7FD8131C-C494-4B1B-8579-7B3DEC570559}.Ad-Hoc|iPhoneSimulator.ActiveCfg = Release|Any CPU
		{7FD8131C-C494-4B1B-8579-7B3DEC570559}.Ad-Hoc|iPhoneSimulator.Build.0 = Release|Any CPU
		{7FD8131C-C494-4B1B-8579-7B3DEC570559}.Ad-Hoc|iPhoneSimulator.Deploy.0 = Release|Any CPU
		{7FD8131C-C494-4B1B-8579-7B3DEC570559}.AppStore|Any CPU.ActiveCfg = Release|Any CPU
		{7FD8131C-C494-4B1B-8579-7B3DEC570559}.AppStore|Any CPU.Build.0 = Release|Any CPU
		{7FD8131C-C494-4B1B-8579-7B3DEC570559}.AppStore|Any CPU.Deploy.0 = Release|Any CPU
		{7FD8131C-C494-4B1B-8579-7B3DEC570559}.AppStore|iPhone.ActiveCfg = Release|Any CPU
		{7FD8131C-C494-4B1B-8579-7B3DEC570559}.AppStore|iPhone.Build.0 = Release|Any CPU
		{7FD8131C-C494-4B1B-8579-7B3DEC570559}.AppStore|iPhone.Deploy.0 = Release|Any CPU
		{7FD8131C-C494-4B1B-8579-7B3DEC570559}.AppStore|iPhoneSimulator.ActiveCfg = Release|Any CPU
		{7FD8131C-C494-4B1B-8579-7B3DEC570559}.AppStore|iPhoneSimulator.Build.0 = Release|Any CPU
		{7FD8131C-C494-4B1B-8579-7B3DEC570559}.AppStore|iPhoneSimulator.Deploy.0 = Release|Any CPU
		{7FD8131C-C494-4B1B-8579-7B3DEC570559}.Debug|Any CPU.ActiveCfg = Debug|Any CPU
		{7FD8131C-C494-4B1B-8579-7B3DEC570559}.Debug|Any CPU.Build.0 = Debug|Any CPU
		{7FD8131C-C494-4B1B-8579-7B3DEC570559}.Debug|Any CPU.Deploy.0 = Debug|Any CPU
		{7FD8131C-C494-4B1B-8579-7B3DEC570559}.Debug|iPhone.ActiveCfg = Debug|Any CPU
		{7FD8131C-C494-4B1B-8579-7B3DEC570559}.Debug|iPhone.Build.0 = Debug|Any CPU
		{7FD8131C-C494-4B1B-8579-7B3DEC570559}.Debug|iPhone.Deploy.0 = Debug|Any CPU
		{7FD8131C-C494-4B1B-8579-7B3DEC570559}.Debug|iPhoneSimulator.ActiveCfg = Debug|Any CPU
		{7FD8131C-C494-4B1B-8579-7B3DEC570559}.Debug|iPhoneSimulator.Build.0 = Debug|Any CPU
		{7FD8131C-C494-4B1B-8579-7B3DEC570559}.Debug|iPhoneSimulator.Deploy.0 = Debug|Any CPU
		{7FD8131C-C494-4B1B-8579-7B3DEC570559}.Release|Any CPU.ActiveCfg = Release|Any CPU
		{7FD8131C-C494-4B1B-8579-7B3DEC570559}.Release|Any CPU.Build.0 = Release|Any CPU
		{7FD8131C-C494-4B1B-8579-7B3DEC570559}.Release|Any CPU.Deploy.0 = Release|Any CPU
		{7FD8131C-C494-4B1B-8579-7B3DEC570559}.Release|iPhone.ActiveCfg = Release|Any CPU
		{7FD8131C-C494-4B1B-8579-7B3DEC570559}.Release|iPhone.Build.0 = Release|Any CPU
		{7FD8131C-C494-4B1B-8579-7B3DEC570559}.Release|iPhone.Deploy.0 = Release|Any CPU
		{7FD8131C-C494-4B1B-8579-7B3DEC570559}.Release|iPhoneSimulator.ActiveCfg = Release|Any CPU
		{7FD8131C-C494-4B1B-8579-7B3DEC570559}.Release|iPhoneSimulator.Build.0 = Release|Any CPU
		{7FD8131C-C494-4B1B-8579-7B3DEC570559}.Release|iPhoneSimulator.Deploy.0 = Release|Any CPU
		{5859EE8B-3004-4387-9B64-93FF0823301E}.Ad-Hoc|Any CPU.ActiveCfg = Ad-Hoc|iPhone
		{5859EE8B-3004-4387-9B64-93FF0823301E}.Ad-Hoc|Any CPU.Build.0 = Ad-Hoc|iPhone
		{5859EE8B-3004-4387-9B64-93FF0823301E}.Ad-Hoc|Any CPU.Deploy.0 = Ad-Hoc|iPhone
		{5859EE8B-3004-4387-9B64-93FF0823301E}.Ad-Hoc|iPhone.ActiveCfg = Ad-Hoc|iPhone
		{5859EE8B-3004-4387-9B64-93FF0823301E}.Ad-Hoc|iPhone.Build.0 = Ad-Hoc|iPhone
		{5859EE8B-3004-4387-9B64-93FF0823301E}.Ad-Hoc|iPhone.Deploy.0 = Ad-Hoc|iPhone
		{5859EE8B-3004-4387-9B64-93FF0823301E}.Ad-Hoc|iPhoneSimulator.ActiveCfg = Ad-Hoc|iPhoneSimulator
		{5859EE8B-3004-4387-9B64-93FF0823301E}.Ad-Hoc|iPhoneSimulator.Build.0 = Ad-Hoc|iPhoneSimulator
		{5859EE8B-3004-4387-9B64-93FF0823301E}.Ad-Hoc|iPhoneSimulator.Deploy.0 = Ad-Hoc|iPhoneSimulator
		{5859EE8B-3004-4387-9B64-93FF0823301E}.AppStore|Any CPU.ActiveCfg = AppStore|iPhone
		{5859EE8B-3004-4387-9B64-93FF0823301E}.AppStore|Any CPU.Build.0 = AppStore|iPhone
		{5859EE8B-3004-4387-9B64-93FF0823301E}.AppStore|Any CPU.Deploy.0 = AppStore|iPhone
		{5859EE8B-3004-4387-9B64-93FF0823301E}.AppStore|iPhone.ActiveCfg = AppStore|iPhone
		{5859EE8B-3004-4387-9B64-93FF0823301E}.AppStore|iPhone.Build.0 = AppStore|iPhone
		{5859EE8B-3004-4387-9B64-93FF0823301E}.AppStore|iPhone.Deploy.0 = AppStore|iPhone
		{5859EE8B-3004-4387-9B64-93FF0823301E}.AppStore|iPhoneSimulator.ActiveCfg = AppStore|iPhoneSimulator
		{5859EE8B-3004-4387-9B64-93FF0823301E}.AppStore|iPhoneSimulator.Build.0 = AppStore|iPhoneSimulator
		{5859EE8B-3004-4387-9B64-93FF0823301E}.AppStore|iPhoneSimulator.Deploy.0 = AppStore|iPhoneSimulator
		{5859EE8B-3004-4387-9B64-93FF0823301E}.Debug|Any CPU.ActiveCfg = Debug|iPhoneSimulator
		{5859EE8B-3004-4387-9B64-93FF0823301E}.Debug|Any CPU.Build.0 = Debug|iPhoneSimulator
		{5859EE8B-3004-4387-9B64-93FF0823301E}.Debug|Any CPU.Deploy.0 = Debug|iPhoneSimulator
		{5859EE8B-3004-4387-9B64-93FF0823301E}.Debug|iPhone.ActiveCfg = Debug|iPhone
		{5859EE8B-3004-4387-9B64-93FF0823301E}.Debug|iPhone.Build.0 = Debug|iPhone
		{5859EE8B-3004-4387-9B64-93FF0823301E}.Debug|iPhone.Deploy.0 = Debug|iPhone
		{5859EE8B-3004-4387-9B64-93FF0823301E}.Debug|iPhoneSimulator.ActiveCfg = Debug|iPhoneSimulator
		{5859EE8B-3004-4387-9B64-93FF0823301E}.Debug|iPhoneSimulator.Build.0 = Debug|iPhoneSimulator
		{5859EE8B-3004-4387-9B64-93FF0823301E}.Debug|iPhoneSimulator.Deploy.0 = Debug|iPhoneSimulator
		{5859EE8B-3004-4387-9B64-93FF0823301E}.Release|Any CPU.ActiveCfg = Release|iPhone
		{5859EE8B-3004-4387-9B64-93FF0823301E}.Release|Any CPU.Build.0 = Release|iPhone
		{5859EE8B-3004-4387-9B64-93FF0823301E}.Release|Any CPU.Deploy.0 = Release|iPhone
		{5859EE8B-3004-4387-9B64-93FF0823301E}.Release|iPhone.ActiveCfg = Release|iPhone
		{5859EE8B-3004-4387-9B64-93FF0823301E}.Release|iPhone.Build.0 = Release|iPhone
		{5859EE8B-3004-4387-9B64-93FF0823301E}.Release|iPhone.Deploy.0 = Release|iPhone
		{5859EE8B-3004-4387-9B64-93FF0823301E}.Release|iPhoneSimulator.ActiveCfg = Release|iPhoneSimulator
		{5859EE8B-3004-4387-9B64-93FF0823301E}.Release|iPhoneSimulator.Build.0 = Release|iPhoneSimulator
		{5859EE8B-3004-4387-9B64-93FF0823301E}.Release|iPhoneSimulator.Deploy.0 = Release|iPhoneSimulator
		{E7C8AE74-E250-4025-BF30-6DC3CDE01104}.Ad-Hoc|Any CPU.ActiveCfg = Debug|Any CPU
		{E7C8AE74-E250-4025-BF30-6DC3CDE01104}.Ad-Hoc|Any CPU.Build.0 = Debug|Any CPU
		{E7C8AE74-E250-4025-BF30-6DC3CDE01104}.Ad-Hoc|Any CPU.Deploy.0 = Debug|Any CPU
		{E7C8AE74-E250-4025-BF30-6DC3CDE01104}.Ad-Hoc|iPhone.ActiveCfg = Debug|Any CPU
		{E7C8AE74-E250-4025-BF30-6DC3CDE01104}.Ad-Hoc|iPhone.Build.0 = Debug|Any CPU
		{E7C8AE74-E250-4025-BF30-6DC3CDE01104}.Ad-Hoc|iPhone.Deploy.0 = Debug|Any CPU
		{E7C8AE74-E250-4025-BF30-6DC3CDE01104}.Ad-Hoc|iPhoneSimulator.ActiveCfg = Debug|Any CPU
		{E7C8AE74-E250-4025-BF30-6DC3CDE01104}.Ad-Hoc|iPhoneSimulator.Build.0 = Debug|Any CPU
		{E7C8AE74-E250-4025-BF30-6DC3CDE01104}.Ad-Hoc|iPhoneSimulator.Deploy.0 = Debug|Any CPU
		{E7C8AE74-E250-4025-BF30-6DC3CDE01104}.AppStore|Any CPU.ActiveCfg = Debug|Any CPU
		{E7C8AE74-E250-4025-BF30-6DC3CDE01104}.AppStore|Any CPU.Build.0 = Debug|Any CPU
		{E7C8AE74-E250-4025-BF30-6DC3CDE01104}.AppStore|Any CPU.Deploy.0 = Debug|Any CPU
		{E7C8AE74-E250-4025-BF30-6DC3CDE01104}.AppStore|iPhone.ActiveCfg = Debug|Any CPU
		{E7C8AE74-E250-4025-BF30-6DC3CDE01104}.AppStore|iPhone.Build.0 = Debug|Any CPU
		{E7C8AE74-E250-4025-BF30-6DC3CDE01104}.AppStore|iPhone.Deploy.0 = Debug|Any CPU
		{E7C8AE74-E250-4025-BF30-6DC3CDE01104}.AppStore|iPhoneSimulator.ActiveCfg = Debug|Any CPU
		{E7C8AE74-E250-4025-BF30-6DC3CDE01104}.AppStore|iPhoneSimulator.Build.0 = Debug|Any CPU
		{E7C8AE74-E250-4025-BF30-6DC3CDE01104}.AppStore|iPhoneSimulator.Deploy.0 = Debug|Any CPU
		{E7C8AE74-E250-4025-BF30-6DC3CDE01104}.Debug|Any CPU.ActiveCfg = Debug|Any CPU
		{E7C8AE74-E250-4025-BF30-6DC3CDE01104}.Debug|Any CPU.Build.0 = Debug|Any CPU
		{E7C8AE74-E250-4025-BF30-6DC3CDE01104}.Debug|Any CPU.Deploy.0 = Debug|Any CPU
		{E7C8AE74-E250-4025-BF30-6DC3CDE01104}.Debug|iPhone.ActiveCfg = Debug|Any CPU
		{E7C8AE74-E250-4025-BF30-6DC3CDE01104}.Debug|iPhone.Build.0 = Debug|Any CPU
		{E7C8AE74-E250-4025-BF30-6DC3CDE01104}.Debug|iPhone.Deploy.0 = Debug|Any CPU
		{E7C8AE74-E250-4025-BF30-6DC3CDE01104}.Debug|iPhoneSimulator.ActiveCfg = Debug|Any CPU
		{E7C8AE74-E250-4025-BF30-6DC3CDE01104}.Debug|iPhoneSimulator.Build.0 = Debug|Any CPU
		{E7C8AE74-E250-4025-BF30-6DC3CDE01104}.Debug|iPhoneSimulator.Deploy.0 = Debug|Any CPU
		{E7C8AE74-E250-4025-BF30-6DC3CDE01104}.Release|Any CPU.ActiveCfg = Release|Any CPU
		{E7C8AE74-E250-4025-BF30-6DC3CDE01104}.Release|Any CPU.Build.0 = Release|Any CPU
		{E7C8AE74-E250-4025-BF30-6DC3CDE01104}.Release|Any CPU.Deploy.0 = Release|Any CPU
		{E7C8AE74-E250-4025-BF30-6DC3CDE01104}.Release|iPhone.ActiveCfg = Release|Any CPU
		{E7C8AE74-E250-4025-BF30-6DC3CDE01104}.Release|iPhone.Build.0 = Release|Any CPU
		{E7C8AE74-E250-4025-BF30-6DC3CDE01104}.Release|iPhone.Deploy.0 = Release|Any CPU
		{E7C8AE74-E250-4025-BF30-6DC3CDE01104}.Release|iPhoneSimulator.ActiveCfg = Release|Any CPU
		{E7C8AE74-E250-4025-BF30-6DC3CDE01104}.Release|iPhoneSimulator.Build.0 = Release|Any CPU
		{E7C8AE74-E250-4025-BF30-6DC3CDE01104}.Release|iPhoneSimulator.Deploy.0 = Release|Any CPU
	EndGlobalSection
	GlobalSection(SolutionProperties) = preSolution
		HideSolutionNode = FALSE
	EndGlobalSection
	GlobalSection(ExtensibilityGlobals) = postSolution
		SolutionGuid = {549ADC27-DED7-414D-A3A0-B587EEAA9A49}
	EndGlobalSection
EndGlobal
